// !$*UTF8*$!
{
	archiveVersion = 1;
	classes = {
	};
	objectVersion = 50;
	objects = {

/* Begin PBXBuildFile section */
		036F9157244182FE005ABA13 /* AppDelegate.swift in Sources */ = {isa = PBXBuildFile; fileRef = 036F9156244182FE005ABA13 /* AppDelegate.swift */; };
		036F9159244182FE005ABA13 /* SceneDelegate.swift in Sources */ = {isa = PBXBuildFile; fileRef = 036F9158244182FE005ABA13 /* SceneDelegate.swift */; };
		036F915B244182FE005ABA13 /* ContentView.swift in Sources */ = {isa = PBXBuildFile; fileRef = 036F915A244182FE005ABA13 /* ContentView.swift */; };
		036F915D24418300005ABA13 /* Assets.xcassets in Resources */ = {isa = PBXBuildFile; fileRef = 036F915C24418300005ABA13 /* Assets.xcassets */; };
		036F916024418300005ABA13 /* Preview Assets.xcassets in Resources */ = {isa = PBXBuildFile; fileRef = 036F915F24418300005ABA13 /* Preview Assets.xcassets */; };
		036F916324418300005ABA13 /* LaunchScreen.storyboard in Resources */ = {isa = PBXBuildFile; fileRef = 036F916124418300005ABA13 /* LaunchScreen.storyboard */; };
/* End PBXBuildFile section */

/* Begin PBXFileReference section */
		03386240244185F000CE46CF /* TypeErasure.entitlements */ = {isa = PBXFileReference; lastKnownFileType = text.plist.entitlements; path = TypeErasure.entitlements; sourceTree = "<group>"; };
		036F9153244182FE005ABA13 /* TypeErasure.app */ = {isa = PBXFileReference; explicitFileType = wrapper.application; includeInIndex = 0; path = TypeErasure.app; sourceTree = BUILT_PRODUCTS_DIR; };
		036F9156244182FE005ABA13 /* AppDelegate.swift */ = {isa = PBXFileReference; lastKnownFileType = sourcecode.swift; path = AppDelegate.swift; sourceTree = "<group>"; };
		036F9158244182FE005ABA13 /* SceneDelegate.swift */ = {isa = PBXFileReference; lastKnownFileType = sourcecode.swift; path = SceneDelegate.swift; sourceTree = "<group>"; };
		036F915A244182FE005ABA13 /* ContentView.swift */ = {isa = PBXFileReference; lastKnownFileType = sourcecode.swift; path = ContentView.swift; sourceTree = "<group>"; };
		036F915C24418300005ABA13 /* Assets.xcassets */ = {isa = PBXFileReference; lastKnownFileType = folder.assetcatalog; path = Assets.xcassets; sourceTree = "<group>"; };
		036F915F24418300005ABA13 /* Preview Assets.xcassets */ = {isa = PBXFileReference; lastKnownFileType = folder.assetcatalog; path = "Preview Assets.xcassets"; sourceTree = "<group>"; };
		036F916224418300005ABA13 /* Base */ = {isa = PBXFileReference; lastKnownFileType = file.storyboard; name = Base; path = Base.lproj/LaunchScreen.storyboard; sourceTree = "<group>"; };
		036F916424418300005ABA13 /* Info.plist */ = {isa = PBXFileReference; lastKnownFileType = text.plist.xml; path = Info.plist; sourceTree = "<group>"; };
		036F916A2441831E005ABA13 /* typeErasure.playground */ = {isa = PBXFileReference; lastKnownFileType = file.playground; path = typeErasure.playground; sourceTree = "<group>"; xcLanguageSpecificationIdentifier = xcode.lang.swift; };
/* End PBXFileReference section */

/* Begin PBXFrameworksBuildPhase section */
		036F9150244182FE005ABA13 /* Frameworks */ = {
			isa = PBXFrameworksBuildPhase;
			buildActionMask = 2147483647;
			files = (
			);
			runOnlyForDeploymentPostprocessing = 0;
		};
/* End PBXFrameworksBuildPhase section */

/* Begin PBXGroup section */
		036F914A244182FE005ABA13 = {
			isa = PBXGroup;
			children = (
				036F916A2441831E005ABA13 /* typeErasure.playground */,
				036F9155244182FE005ABA13 /* TypeErasure */,
				036F9154244182FE005ABA13 /* Products */,
			);
			sourceTree = "<group>";
		};
		036F9154244182FE005ABA13 /* Products */ = {
			isa = PBXGroup;
			children = (
				036F9153244182FE005ABA13 /* TypeErasure.app */,
			);
			name = Products;
			sourceTree = "<group>";
		};
		036F9155244182FE005ABA13 /* TypeErasure */ = {
			isa = PBXGroup;
			children = (
				03386240244185F000CE46CF /* TypeErasure.entitlements */,
				036F9156244182FE005ABA13 /* AppDelegate.swift */,
				036F9158244182FE005ABA13 /* SceneDelegate.swift */,
				036F915A244182FE005ABA13 /* ContentView.swift */,
				036F915C24418300005ABA13 /* Assets.xcassets */,
				036F916124418300005ABA13 /* LaunchScreen.storyboard */,
				036F916424418300005ABA13 /* Info.plist */,
				036F915E24418300005ABA13 /* Preview Content */,
			);
			path = TypeErasure;
			sourceTree = "<group>";
		};
		036F915E24418300005ABA13 /* Preview Content */ = {
			isa = PBXGroup;
			children = (
				036F915F24418300005ABA13 /* Preview Assets.xcassets */,
			);
			path = "Preview Content";
			sourceTree = "<group>";
		};
/* End PBXGroup section */

/* Begin PBXNativeTarget section */
		036F9152244182FE005ABA13 /* TypeErasure */ = {
			isa = PBXNativeTarget;
			buildConfigurationList = 036F916724418300005ABA13 /* Build configuration list for PBXNativeTarget "TypeErasure" */;
			buildPhases = (
				036F914F244182FE005ABA13 /* Sources */,
				036F9150244182FE005ABA13 /* Frameworks */,
				036F9151244182FE005ABA13 /* Resources */,
			);
			buildRules = (
			);
			dependencies = (
			);
			name = TypeErasure;
			productName = TypeErasure;
			productReference = 036F9153244182FE005ABA13 /* TypeErasure.app */;
			productType = "com.apple.product-type.application";
		};
/* End PBXNativeTarget section */

/* Begin PBXProject section */
		036F914B244182FE005ABA13 /* Project object */ = {
			isa = PBXProject;
			attributes = {
				LastSwiftUpdateCheck = 1140;
				LastUpgradeCheck = 1140;
				ORGANIZATIONNAME = com.josh;
				TargetAttributes = {
					036F9152244182FE005ABA13 = {
						CreatedOnToolsVersion = 11.4;
					};
				};
			};
			buildConfigurationList = 036F914E244182FE005ABA13 /* Build configuration list for PBXProject "TypeErasure" */;
			compatibilityVersion = "Xcode 9.3";
			developmentRegion = en;
			hasScannedForEncodings = 0;
			knownRegions = (
				en,
				Base,
			);
			mainGroup = 036F914A244182FE005ABA13;
			productRefGroup = 036F9154244182FE005ABA13 /* Products */;
			projectDirPath = "";
			projectRoot = "";
			targets = (
				036F9152244182FE005ABA13 /* TypeErasure */,
			);
		};
/* End PBXProject section */

/* Begin PBXResourcesBuildPhase section */
		036F9151244182FE005ABA13 /* Resources */ = {
			isa = PBXResourcesBuildPhase;
			buildActionMask = 2147483647;
			files = (
				036F916324418300005ABA13 /* LaunchScreen.storyboard in Resources */,
				036F916024418300005ABA13 /* Preview Assets.xcassets in Resources */,
				036F915D24418300005ABA13 /* Assets.xcassets in Resources */,
			);
			runOnlyForDeploymentPostprocessing = 0;
		};
/* End PBXResourcesBuildPhase section */

/* Begin PBXSourcesBuildPhase section */
		036F914F244182FE005ABA13 /* Sources */ = {
			isa = PBXSourcesBuildPhase;
			buildActionMask = 2147483647;
			files = (
				036F9157244182FE005ABA13 /* AppDelegate.swift in Sources */,
				036F9159244182FE005ABA13 /* SceneDelegate.swift in Sources */,
				036F915B244182FE005ABA13 /* ContentView.swift in Sources */,
			);
			runOnlyForDeploymentPostprocessing = 0;
		};
/* End PBXSourcesBuildPhase section */

/* Begin PBXVariantGroup section */
		036F916124418300005ABA13 /* LaunchScreen.storyboard */ = {
			isa = PBXVariantGroup;
			children = (
				036F916224418300005ABA13 /* Base */,
			);
			name = LaunchScreen.storyboard;
			sourceTree = "<group>";
		};
/* End PBXVariantGroup section */

/* Begin XCBuildConfiguration section */
		036F916524418300005ABA13 /* Debug */ = {
			isa = XCBuildConfiguration;
			buildSettings = {
				ALWAYS_SEARCH_USER_PATHS = NO;
				CLANG_ANALYZER_NONNULL = YES;
				CLANG_ANALYZER_NUMBER_OBJECT_CONVERSION = YES_AGGRESSIVE;
				CLANG_CXX_LANGUAGE_STANDARD = "gnu++14";
				CLANG_CXX_LIBRARY = "libc++";
				CLANG_ENABLE_MODULES = YES;
				CLANG_ENABLE_OBJC_ARC = YES;
				CLANG_ENABLE_OBJC_WEAK = YES;
				CLANG_WARN_BLOCK_CAPTURE_AUTORELEASING = YES;
				CLANG_WARN_BOOL_CONVERSION = YES;
				CLANG_WARN_COMMA = YES;
				CLANG_WARN_CONSTANT_CONVERSION = YES;
				CLANG_WARN_DEPRECATED_OBJC_IMPLEMENTATIONS = YES;
				CLANG_WARN_DIRECT_OBJC_ISA_USAGE = YES_ERROR;
				CLANG_WARN_DOCUMENTATION_COMMENTS = YES;
				CLANG_WARN_EMPTY_BODY = YES;
				CLANG_WARN_ENUM_CONVERSION = YES;
				CLANG_WARN_INFINITE_RECURSION = YES;
				CLANG_WARN_INT_CONVERSION = YES;
				CLANG_WARN_NON_LITERAL_NULL_CONVERSION = YES;
				CLANG_WARN_OBJC_IMPLICIT_RETAIN_SELF = YES;
				CLANG_WARN_OBJC_LITERAL_CONVERSION = YES;
				CLANG_WARN_OBJC_ROOT_CLASS = YES_ERROR;
				CLANG_WARN_RANGE_LOOP_ANALYSIS = YES;
				CLANG_WARN_STRICT_PROTOTYPES = YES;
				CLANG_WARN_SUSPICIOUS_MOVE = YES;
				CLANG_WARN_UNGUARDED_AVAILABILITY = YES_AGGRESSIVE;
				CLANG_WARN_UNREACHABLE_CODE = YES;
				CLANG_WARN__DUPLICATE_METHOD_MATCH = YES;
				COPY_PHASE_STRIP = NO;
				DEBUG_INFORMATION_FORMAT = dwarf;
				ENABLE_STRICT_OBJC_MSGSEND = YES;
				ENABLE_TESTABILITY = YES;
				GCC_C_LANGUAGE_STANDARD = gnu11;
				GCC_DYNAMIC_NO_PIC = NO;
				GCC_NO_COMMON_BLOCKS = YES;
				GCC_OPTIMIZATION_LEVEL = 0;
				GCC_PREPROCESSOR_DEFINITIONS = (
					"DEBUG=1",
					"$(inherited)",
				);
				GCC_WARN_64_TO_32_BIT_CONVERSION = YES;
				GCC_WARN_ABOUT_RETURN_TYPE = YES_ERROR;
				GCC_WARN_UNDECLARED_SELECTOR = YES;
				GCC_WARN_UNINITIALIZED_AUTOS = YES_AGGRESSIVE;
				GCC_WARN_UNUSED_FUNCTION = YES;
				GCC_WARN_UNUSED_VARIABLE = YES;
				IPHONEOS_DEPLOYMENT_TARGET = 13.4;
				MTL_ENABLE_DEBUG_INFO = INCLUDE_SOURCE;
				MTL_FAST_MATH = YES;
				ONLY_ACTIVE_ARCH = YES;
				SDKROOT = iphoneos;
				SWIFT_ACTIVE_COMPILATION_CONDITIONS = DEBUG;
				SWIFT_OPTIMIZATION_LEVEL = "-Onone";
			};
			name = Debug;
		};
		036F916624418300005ABA13 /* Release */ = {
			isa = XCBuildConfiguration;
			buildSettings = {
				ALWAYS_SEARCH_USER_PATHS = NO;
				CLANG_ANALYZER_NONNULL = YES;
				CLANG_ANALYZER_NUMBER_OBJECT_CONVERSION = YES_AGGRESSIVE;
				CLANG_CXX_LANGUAGE_STANDARD = "gnu++14";
				CLANG_CXX_LIBRARY = "libc++";
				CLANG_ENABLE_MODULES = YES;
				CLANG_ENABLE_OBJC_ARC = YES;
				CLANG_ENABLE_OBJC_WEAK = YES;
				CLANG_WARN_BLOCK_CAPTURE_AUTORELEASING = YES;
				CLANG_WARN_BOOL_CONVERSION = YES;
				CLANG_WARN_COMMA = YES;
				CLANG_WARN_CONSTANT_CONVERSION = YES;
				CLANG_WARN_DEPRECATED_OBJC_IMPLEMENTATIONS = YES;
				CLANG_WARN_DIRECT_OBJC_ISA_USAGE = YES_ERROR;
				CLANG_WARN_DOCUMENTATION_COMMENTS = YES;
				CLANG_WARN_EMPTY_BODY = YES;
				CLANG_WARN_ENUM_CONVERSION = YES;
				CLANG_WARN_INFINITE_RECURSION = YES;
				CLANG_WARN_INT_CONVERSION = YES;
				CLANG_WARN_NON_LITERAL_NULL_CONVERSION = YES;
				CLANG_WARN_OBJC_IMPLICIT_RETAIN_SELF = YES;
				CLANG_WARN_OBJC_LITERAL_CONVERSION = YES;
				CLANG_WARN_OBJC_ROOT_CLASS = YES_ERROR;
				CLANG_WARN_RANGE_LOOP_ANALYSIS = YES;
				CLANG_WARN_STRICT_PROTOTYPES = YES;
				CLANG_WARN_SUSPICIOUS_MOVE = YES;
				CLANG_WARN_UNGUARDED_AVAILABILITY = YES_AGGRESSIVE;
				CLANG_WARN_UNREACHABLE_CODE = YES;
				CLANG_WARN__DUPLICATE_METHOD_MATCH = YES;
				COPY_PHASE_STRIP = NO;
				DEBUG_INFORMATION_FORMAT = "dwarf-with-dsym";
				ENABLE_NS_ASSERTIONS = NO;
				ENABLE_STRICT_OBJC_MSGSEND = YES;
				GCC_C_LANGUAGE_STANDARD = gnu11;
				GCC_NO_COMMON_BLOCKS = YES;
				GCC_WARN_64_TO_32_BIT_CONVERSION = YES;
				GCC_WARN_ABOUT_RETURN_TYPE = YES_ERROR;
				GCC_WARN_UNDECLARED_SELECTOR = YES;
				GCC_WARN_UNINITIALIZED_AUTOS = YES_AGGRESSIVE;
				GCC_WARN_UNUSED_FUNCTION = YES;
				GCC_WARN_UNUSED_VARIABLE = YES;
				IPHONEOS_DEPLOYMENT_TARGET = 13.4;
				MTL_ENABLE_DEBUG_INFO = NO;
				MTL_FAST_MATH = YES;
				SDKROOT = iphoneos;
				SWIFT_COMPILATION_MODE = wholemodule;
				SWIFT_OPTIMIZATION_LEVEL = "-O";
				VALIDATE_PRODUCT = YES;
			};
			name = Release;
		};
		036F916824418300005ABA13 /* Debug */ = {
			isa = XCBuildConfiguration;
			buildSettings = {
				ASSETCATALOG_COMPILER_APPICON_NAME = AppIcon;
				CODE_SIGN_ENTITLEMENTS = TypeErasure/TypeErasure.entitlements;
				CODE_SIGN_STYLE = Automatic;
				DEVELOPMENT_ASSET_PATHS = "\"TypeErasure/Preview Content\"";
				DEVELOPMENT_TEAM = L4WMJSL77G;
				ENABLE_PREVIEWS = YES;
				INFOPLIST_FILE = TypeErasure/Info.plist;
				LD_RUNPATH_SEARCH_PATHS = (
					"$(inherited)",
					"@executable_path/Frameworks",
				);
				PRODUCT_BUNDLE_IDENTIFIER = josh.TypeErasure;
				PRODUCT_NAME = "$(TARGET_NAME)";
				SUPPORTS_MACCATALYST = YES;
				SWIFT_VERSION = 5.0;
				TARGETED_DEVICE_FAMILY = "1,2";
			};
			name = Debug;
		};
		036F916924418300005ABA13 /* Release */ = {
			isa = XCBuildConfiguration;
			buildSettings = {
				ASSETCATALOG_COMPILER_APPICON_NAME = AppIcon;
				CODE_SIGN_ENTITLEMENTS = TypeErasure/TypeErasure.entitlements;
				CODE_SIGN_STYLE = Automatic;
				DEVELOPMENT_ASSET_PATHS = "\"TypeErasure/Preview Content\"";
				DEVELOPMENT_TEAM = L4WMJSL77G;
				ENABLE_PREVIEWS = YES;
				INFOPLIST_FILE = TypeErasure/Info.plist;
				LD_RUNPATH_SEARCH_PATHS = (
					"$(inherited)",
					"@executable_path/Frameworks",
				);
				PRODUCT_BUNDLE_IDENTIFIER = josh.TypeErasure;
				PRODUCT_NAME = "$(TARGET_NAME)";
				SUPPORTS_MACCATALYST = YES;
				SWIFT_VERSION = 5.0;
				TARGETED_DEVICE_FAMILY = "1,2";
			};
			name = Release;
		};
/* End XCBuildConfiguration section */

/* Begin XCConfigurationList section */
		036F914E244182FE005ABA13 /* Build configuration list for PBXProject "TypeErasure" */ = {
			isa = XCConfigurationList;
			buildConfigurations = (
				036F916524418300005ABA13 /* Debug */,
				036F916624418300005ABA13 /* Release */,
			);
			defaultConfigurationIsVisible = 0;
			defaultConfigurationName = Release;
		};
		036F916724418300005ABA13 /* Build configuration list for PBXNativeTarget "TypeErasure" */ = {
			isa = XCConfigurationList;
			buildConfigurations = (
				036F916824418300005ABA13 /* Debug */,
				036F916924418300005ABA13 /* Release */,
			);
			defaultConfigurationIsVisible = 0;
			defaultConfigurationName = Release;
		};
/* End XCConfigurationList section */
	};
	rootObject = 036F914B244182FE005ABA13 /* Project object */;
}
